
Microsoft Visual Studio Solution File, Format Version 12.00
# Visual Studio Version 17
VisualStudioVersion = 17.0.31912.275
MinimumVisualStudioVersion = 10.0.40219.1
Project("{2150E333-8FDC-42A3-9474-1A3956D46DE8}") = "Esercitazione 2", "Esercitazione 2", "{4CDECCFA-72BB-4539-902D-A47264110E11}"
EndProject
Project("{9A19103F-16F7-4668-BE54-9A1E7A4F7556}") = "Academy.Week1.VR.Core", "Academy.Week1.VR.Core\Academy.Week1.VR.Core.csproj", "{EFFD28F9-F19F-4600-8467-35FA7BD31C3C}"
EndProject
Project("{9A19103F-16F7-4668-BE54-9A1E7A4F7556}") = "Academy.Week1.VR.Mock", "Academy.Week1.VR.Mock\Academy.Week1.VR.Mock.csproj", "{02AAAB8D-7703-4F40-9246-2C8396E792AF}"
EndProject
Project("{9A19103F-16F7-4668-BE54-9A1E7A4F7556}") = "Academy.Week1.VR.Client", "Academy.Week1.VR.Client\Academy.Week1.VR.Client.csproj", "{79167ED7-3462-4F56-93AF-510EA79DD4FD}"
EndProject
Project("{2150E333-8FDC-42A3-9474-1A3956D46DE8}") = "Demo", "Demo", "{22454C57-7D0F-472A-9FE4-19195F224769}"
EndProject
Project("{9A19103F-16F7-4668-BE54-9A1E7A4F7556}") = "Academy.Week1.LINQ", "Academy.Week1.LINQ\Academy.Week1.LINQ.csproj", "{2AED75F7-5D50-40AC-B1A2-B1C95F9D28D6}"
EndProject
Project("{9A19103F-16F7-4668-BE54-9A1E7A4F7556}") = "Academy.Week1.Agency.LINQ", "Academy.Week1.Agency.LINQ\Academy.Week1.Agency.LINQ.csproj", "{E85BC716-FBFC-4FA9-8BAF-F9252E1E46F6}"
EndProject
Project("{2150E333-8FDC-42A3-9474-1A3956D46DE8}") = "EsercitazioneWeek1", "EsercitazioneWeek1", "{593A6E27-D882-4453-ABC8-310BEF97BED6}"
EndProject
Project("{FAE04EC0-301F-11D3-BF4B-00C04F79EFBC}") = "Academy.Week1.Spese.Core", "Academy.Week1.Spese.Core\Academy.Week1.Spese.Core.csproj", "{B45CFB4D-5BDC-4E7F-8B1E-0F18E9F23F63}"
EndProject
Project("{FAE04EC0-301F-11D3-BF4B-00C04F79EFBC}") = "Academy.Week1.Spese.Mock", "Academy.Week1.Spese.Mock\Academy.Week1.Spese.Mock.csproj", "{7C159A62-FF69-4DFA-A185-A48E2033112A}"
	ProjectSection(ProjectDependencies) = postProject
		{B45CFB4D-5BDC-4E7F-8B1E-0F18E9F23F63} = {B45CFB4D-5BDC-4E7F-8B1E-0F18E9F23F63}
	EndProjectSection
EndProject
Project("{FAE04EC0-301F-11D3-BF4B-00C04F79EFBC}") = "Academy.Week1.Spese.Client", "Academy.Week1.Spese.Client\Academy.Week1.Spese.Client.csproj", "{5015B1EA-7090-4063-8DCD-07FD57656323}"
EndProject
Global
	GlobalSection(SolutionConfigurationPlatforms) = preSolution
		Debug|Any CPU = Debug|Any CPU
		Release|Any CPU = Release|Any CPU
	EndGlobalSection
	GlobalSection(ProjectConfigurationPlatforms) = postSolution
		{EFFD28F9-F19F-4600-8467-35FA7BD31C3C}.Debug|Any CPU.ActiveCfg = Debug|Any CPU
		{EFFD28F9-F19F-4600-8467-35FA7BD31C3C}.Debug|Any CPU.Build.0 = Debug|Any CPU
		{EFFD28F9-F19F-4600-8467-35FA7BD31C3C}.Release|Any CPU.ActiveCfg = Release|Any CPU
		{EFFD28F9-F19F-4600-8467-35FA7BD31C3C}.Release|Any CPU.Build.0 = Release|Any CPU
		{02AAAB8D-7703-4F40-9246-2C8396E792AF}.Debug|Any CPU.ActiveCfg = Debug|Any CPU
		{02AAAB8D-7703-4F40-9246-2C8396E792AF}.Debug|Any CPU.Build.0 = Debug|Any CPU
		{02AAAB8D-7703-4F40-9246-2C8396E792AF}.Release|Any CPU.ActiveCfg = Release|Any CPU
		{02AAAB8D-7703-4F40-9246-2C8396E792AF}.Release|Any CPU.Build.0 = Release|Any CPU
		{79167ED7-3462-4F56-93AF-510EA79DD4FD}.Debug|Any CPU.ActiveCfg = Debug|Any CPU
		{79167ED7-3462-4F56-93AF-510EA79DD4FD}.Debug|Any CPU.Build.0 = Debug|Any CPU
		{79167ED7-3462-4F56-93AF-510EA79DD4FD}.Release|Any CPU.ActiveCfg = Release|Any CPU
		{79167ED7-3462-4F56-93AF-510EA79DD4FD}.Release|Any CPU.Build.0 = Release|Any CPU
		{2AED75F7-5D50-40AC-B1A2-B1C95F9D28D6}.Debug|Any CPU.ActiveCfg = Debug|Any CPU
		{2AED75F7-5D50-40AC-B1A2-B1C95F9D28D6}.Debug|Any CPU.Build.0 = Debug|Any CPU
		{2AED75F7-5D50-40AC-B1A2-B1C95F9D28D6}.Release|Any CPU.ActiveCfg = Release|Any CPU
		{2AED75F7-5D50-40AC-B1A2-B1C95F9D28D6}.Release|Any CPU.Build.0 = Release|Any CPU
		{E85BC716-FBFC-4FA9-8BAF-F9252E1E46F6}.Debug|Any CPU.ActiveCfg = Debug|Any CPU
		{E85BC716-FBFC-4FA9-8BAF-F9252E1E46F6}.Debug|Any CPU.Build.0 = Debug|Any CPU
		{E85BC716-FBFC-4FA9-8BAF-F9252E1E46F6}.Release|Any CPU.ActiveCfg = Release|Any CPU
		{E85BC716-FBFC-4FA9-8BAF-F9252E1E46F6}.Release|Any CPU.Build.0 = Release|Any CPU
		{B45CFB4D-5BDC-4E7F-8B1E-0F18E9F23F63}.Debug|Any CPU.ActiveCfg = Debug|Any CPU
		{B45CFB4D-5BDC-4E7F-8B1E-0F18E9F23F63}.Debug|Any CPU.Build.0 = Debug|Any CPU
		{B45CFB4D-5BDC-4E7F-8B1E-0F18E9F23F63}.Release|Any CPU.ActiveCfg = Release|Any CPU
		{B45CFB4D-5BDC-4E7F-8B1E-0F18E9F23F63}.Release|Any CPU.Build.0 = Release|Any CPU
		{7C159A62-FF69-4DFA-A185-A48E2033112A}.Debug|Any CPU.ActiveCfg = Debug|Any CPU
		{7C159A62-FF69-4DFA-A185-A48E2033112A}.Debug|Any CPU.Build.0 = Debug|Any CPU
		{7C159A62-FF69-4DFA-A185-A48E2033112A}.Release|Any CPU.ActiveCfg = Release|Any CPU
		{7C159A62-FF69-4DFA-A185-A48E2033112A}.Release|Any CPU.Build.0 = Release|Any CPU
		{5015B1EA-7090-4063-8DCD-07FD57656323}.Debug|Any CPU.ActiveCfg = Debug|Any CPU
		{5015B1EA-7090-4063-8DCD-07FD57656323}.Debug|Any CPU.Build.0 = Debug|Any CPU
		{5015B1EA-7090-4063-8DCD-07FD57656323}.Release|Any CPU.ActiveCfg = Release|Any CPU
		{5015B1EA-7090-4063-8DCD-07FD57656323}.Release|Any CPU.Build.0 = Release|Any CPU
	EndGlobalSection
	GlobalSection(SolutionProperties) = preSolution
		HideSolutionNode = FALSE
	EndGlobalSection
	GlobalSection(NestedProjects) = preSolution
		{EFFD28F9-F19F-4600-8467-35FA7BD31C3C} = {4CDECCFA-72BB-4539-902D-A47264110E11}
		{02AAAB8D-7703-4F40-9246-2C8396E792AF} = {4CDECCFA-72BB-4539-902D-A47264110E11}
		{79167ED7-3462-4F56-93AF-510EA79DD4FD} = {4CDECCFA-72BB-4539-902D-A47264110E11}
		{2AED75F7-5D50-40AC-B1A2-B1C95F9D28D6} = {22454C57-7D0F-472A-9FE4-19195F224769}
		{E85BC716-FBFC-4FA9-8BAF-F9252E1E46F6} = {22454C57-7D0F-472A-9FE4-19195F224769}
		{B45CFB4D-5BDC-4E7F-8B1E-0F18E9F23F63} = {593A6E27-D882-4453-ABC8-310BEF97BED6}
		{7C159A62-FF69-4DFA-A185-A48E2033112A} = {593A6E27-D882-4453-ABC8-310BEF97BED6}
		{5015B1EA-7090-4063-8DCD-07FD57656323} = {593A6E27-D882-4453-ABC8-310BEF97BED6}
	EndGlobalSection
	GlobalSection(ExtensibilityGlobals) = postSolution
		SolutionGuid = {C336B703-251E-4F60-B0D6-7F6F401422D5}
	EndGlobalSection
EndGlobal
